// !$*UTF8*$!
{
	archiveVersion = 1;
	classes = {
	};
	objectVersion = 56;
	objects = {

/* Begin PBXBuildFile section */
		780624B82B8B937700E8958B /* App363App.swift in Sources */ = {isa = PBXBuildFile; fileRef = 780624B72B8B937700E8958B /* App363App.swift */; };
		780624BA2B8B937700E8958B /* ContentView.swift in Sources */ = {isa = PBXBuildFile; fileRef = 780624B92B8B937700E8958B /* ContentView.swift */; };
		780624BC2B8B937800E8958B /* Assets.xcassets in Resources */ = {isa = PBXBuildFile; fileRef = 780624BB2B8B937800E8958B /* Assets.xcassets */; };
		780624C02B8B937800E8958B /* Preview Assets.xcassets in Resources */ = {isa = PBXBuildFile; fileRef = 780624BF2B8B937800E8958B /* Preview Assets.xcassets */; };
		780624CF2B8B93EC00E8958B /* LoadingView.swift in Sources */ = {isa = PBXBuildFile; fileRef = 780624CE2B8B93EC00E8958B /* LoadingView.swift */; };
		780624D22B8B941900E8958B /* Launch Screen.storyboard in Resources */ = {isa = PBXBuildFile; fileRef = 780624D12B8B941900E8958B /* Launch Screen.storyboard */; };
		780624D42B8B942900E8958B /* R1.swift in Sources */ = {isa = PBXBuildFile; fileRef = 780624D32B8B942900E8958B /* R1.swift */; };
		780624D62B8B942F00E8958B /* R2.swift in Sources */ = {isa = PBXBuildFile; fileRef = 780624D52B8B942F00E8958B /* R2.swift */; };
		780624D82B8B943400E8958B /* R3.swift in Sources */ = {isa = PBXBuildFile; fileRef = 780624D72B8B943400E8958B /* R3.swift */; };
		780624DA2B8B943A00E8958B /* U1.swift in Sources */ = {isa = PBXBuildFile; fileRef = 780624D92B8B943A00E8958B /* U1.swift */; };
		780624DC2B8B944300E8958B /* Reviews.swift in Sources */ = {isa = PBXBuildFile; fileRef = 780624DB2B8B944300E8958B /* Reviews.swift */; };
		780624DE2B8B944F00E8958B /* Not.swift in Sources */ = {isa = PBXBuildFile; fileRef = 780624DD2B8B944F00E8958B /* Not.swift */; };
		780624E02B8B945700E8958B /* TabBar.swift in Sources */ = {isa = PBXBuildFile; fileRef = 780624DF2B8B945700E8958B /* TabBar.swift */; };
		780624E22B8B946200E8958B /* CoreDataStack.swift in Sources */ = {isa = PBXBuildFile; fileRef = 780624E12B8B946200E8958B /* CoreDataStack.swift */; };
		780624E62B8B958900E8958B /* RulesView.swift in Sources */ = {isa = PBXBuildFile; fileRef = 780624E52B8B958900E8958B /* RulesView.swift */; };
		780624E92B8B959A00E8958B /* FriendsView.swift in Sources */ = {isa = PBXBuildFile; fileRef = 780624E82B8B959A00E8958B /* FriendsView.swift */; };
		780624EC2B8B95A700E8958B /* NotesView.swift in Sources */ = {isa = PBXBuildFile; fileRef = 780624EB2B8B95A700E8958B /* NotesView.swift */; };
		780624EF2B8B95B400E8958B /* SettingsView.swift in Sources */ = {isa = PBXBuildFile; fileRef = 780624EE2B8B95B400E8958B /* SettingsView.swift */; };
		780624F12B8B95BC00E8958B /* GameView.swift in Sources */ = {isa = PBXBuildFile; fileRef = 780624F02B8B95BC00E8958B /* GameView.swift */; };
		780624F32B8CB82100E8958B /* RulesViewModel.swift in Sources */ = {isa = PBXBuildFile; fileRef = 780624F22B8CB82100E8958B /* RulesViewModel.swift */; };
		780624F62B8CC56900E8958B /* CoreModel.xcdatamodeld in Sources */ = {isa = PBXBuildFile; fileRef = 780624F42B8CC56900E8958B /* CoreModel.xcdatamodeld */; };
		780624F82B8CC62F00E8958B /* GamesViewModel.swift in Sources */ = {isa = PBXBuildFile; fileRef = 780624F72B8CC62F00E8958B /* GamesViewModel.swift */; };
		780624FB2B8CC64000E8958B /* AddCards.swift in Sources */ = {isa = PBXBuildFile; fileRef = 780624FA2B8CC64000E8958B /* AddCards.swift */; };
		780624FD2B8CCC0000E8958B /* FriendsViewModel.swift in Sources */ = {isa = PBXBuildFile; fileRef = 780624FC2B8CCC0000E8958B /* FriendsViewModel.swift */; };
		780625002B8CD39800E8958B /* AddFriend.swift in Sources */ = {isa = PBXBuildFile; fileRef = 780624FF2B8CD39800E8958B /* AddFriend.swift */; };
		780625022B8CDBFC00E8958B /* NotesViewModel.swift in Sources */ = {isa = PBXBuildFile; fileRef = 780625012B8CDBFC00E8958B /* NotesViewModel.swift */; };
		780625052B8CDE7700E8958B /* AddNotes.swift in Sources */ = {isa = PBXBuildFile; fileRef = 780625042B8CDE7700E8958B /* AddNotes.swift */; };
		780625082B8CE15200E8958B /* NotesDetail.swift in Sources */ = {isa = PBXBuildFile; fileRef = 780625072B8CE15200E8958B /* NotesDetail.swift */; };
		7806250A2B8CE2C300E8958B /* ConvertDate.swift in Sources */ = {isa = PBXBuildFile; fileRef = 780625092B8CE2C300E8958B /* ConvertDate.swift */; };
/* End PBXBuildFile section */

/* Begin PBXFileReference section */
		780624B42B8B937700E8958B /* App363.app */ = {isa = PBXFileReference; explicitFileType = wrapper.application; includeInIndex = 0; path = App363.app; sourceTree = BUILT_PRODUCTS_DIR; };
		780624B72B8B937700E8958B /* App363App.swift */ = {isa = PBXFileReference; lastKnownFileType = sourcecode.swift; path = App363App.swift; sourceTree = "<group>"; };
		780624B92B8B937700E8958B /* ContentView.swift */ = {isa = PBXFileReference; lastKnownFileType = sourcecode.swift; path = ContentView.swift; sourceTree = "<group>"; };
		780624BB2B8B937800E8958B /* Assets.xcassets */ = {isa = PBXFileReference; lastKnownFileType = folder.assetcatalog; path = Assets.xcassets; sourceTree = "<group>"; };
		780624BD2B8B937800E8958B /* App363.entitlements */ = {isa = PBXFileReference; lastKnownFileType = text.plist.entitlements; path = App363.entitlements; sourceTree = "<group>"; };
		780624BF2B8B937800E8958B /* Preview Assets.xcassets */ = {isa = PBXFileReference; lastKnownFileType = folder.assetcatalog; path = "Preview Assets.xcassets"; sourceTree = "<group>"; };
		780624CE2B8B93EC00E8958B /* LoadingView.swift */ = {isa = PBXFileReference; lastKnownFileType = sourcecode.swift; path = LoadingView.swift; sourceTree = "<group>"; };
		780624D12B8B941900E8958B /* Launch Screen.storyboard */ = {isa = PBXFileReference; lastKnownFileType = file.storyboard; path = "Launch Screen.storyboard"; sourceTree = "<group>"; };
		780624D32B8B942900E8958B /* R1.swift */ = {isa = PBXFileReference; lastKnownFileType = sourcecode.swift; path = R1.swift; sourceTree = "<group>"; };
		780624D52B8B942F00E8958B /* R2.swift */ = {isa = PBXFileReference; lastKnownFileType = sourcecode.swift; path = R2.swift; sourceTree = "<group>"; };
		780624D72B8B943400E8958B /* R3.swift */ = {isa = PBXFileReference; lastKnownFileType = sourcecode.swift; path = R3.swift; sourceTree = "<group>"; };
		780624D92B8B943A00E8958B /* U1.swift */ = {isa = PBXFileReference; lastKnownFileType = sourcecode.swift; path = U1.swift; sourceTree = "<group>"; };
		780624DB2B8B944300E8958B /* Reviews.swift */ = {isa = PBXFileReference; lastKnownFileType = sourcecode.swift; path = Reviews.swift; sourceTree = "<group>"; };
		780624DD2B8B944F00E8958B /* Not.swift */ = {isa = PBXFileReference; lastKnownFileType = sourcecode.swift; path = Not.swift; sourceTree = "<group>"; };
		780624DF2B8B945700E8958B /* TabBar.swift */ = {isa = PBXFileReference; lastKnownFileType = sourcecode.swift; path = TabBar.swift; sourceTree = "<group>"; };
		780624E12B8B946200E8958B /* CoreDataStack.swift */ = {isa = PBXFileReference; lastKnownFileType = sourcecode.swift; path = CoreDataStack.swift; sourceTree = "<group>"; };
		780624E52B8B958900E8958B /* RulesView.swift */ = {isa = PBXFileReference; lastKnownFileType = sourcecode.swift; path = RulesView.swift; sourceTree = "<group>"; };
		780624E82B8B959A00E8958B /* FriendsView.swift */ = {isa = PBXFileReference; lastKnownFileType = sourcecode.swift; path = FriendsView.swift; sourceTree = "<group>"; };
		780624EB2B8B95A700E8958B /* NotesView.swift */ = {isa = PBXFileReference; lastKnownFileType = sourcecode.swift; path = NotesView.swift; sourceTree = "<group>"; };
		780624EE2B8B95B400E8958B /* SettingsView.swift */ = {isa = PBXFileReference; lastKnownFileType = sourcecode.swift; path = SettingsView.swift; sourceTree = "<group>"; };
		780624F02B8B95BC00E8958B /* GameView.swift */ = {isa = PBXFileReference; lastKnownFileType = sourcecode.swift; path = GameView.swift; sourceTree = "<group>"; };
		780624F22B8CB82100E8958B /* RulesViewModel.swift */ = {isa = PBXFileReference; lastKnownFileType = sourcecode.swift; path = RulesViewModel.swift; sourceTree = "<group>"; };
		780624F52B8CC56900E8958B /* CoreModel.xcdatamodel */ = {isa = PBXFileReference; lastKnownFileType = wrapper.xcdatamodel; path = CoreModel.xcdatamodel; sourceTree = "<group>"; };
		780624F72B8CC62F00E8958B /* GamesViewModel.swift */ = {isa = PBXFileReference; lastKnownFileType = sourcecode.swift; path = GamesViewModel.swift; sourceTree = "<group>"; };
		780624FA2B8CC64000E8958B /* AddCards.swift */ = {isa = PBXFileReference; lastKnownFileType = sourcecode.swift; path = AddCards.swift; sourceTree = "<group>"; };
		780624FC2B8CCC0000E8958B /* FriendsViewModel.swift */ = {isa = PBXFileReference; lastKnownFileType = sourcecode.swift; path = FriendsViewModel.swift; sourceTree = "<group>"; };
		780624FF2B8CD39800E8958B /* AddFriend.swift */ = {isa = PBXFileReference; lastKnownFileType = sourcecode.swift; path = AddFriend.swift; sourceTree = "<group>"; };
		780625012B8CDBFC00E8958B /* NotesViewModel.swift */ = {isa = PBXFileReference; lastKnownFileType = sourcecode.swift; path = NotesViewModel.swift; sourceTree = "<group>"; };
		780625042B8CDE7700E8958B /* AddNotes.swift */ = {isa = PBXFileReference; lastKnownFileType = sourcecode.swift; path = AddNotes.swift; sourceTree = "<group>"; };
		780625072B8CE15200E8958B /* NotesDetail.swift */ = {isa = PBXFileReference; lastKnownFileType = sourcecode.swift; path = NotesDetail.swift; sourceTree = "<group>"; };
		780625092B8CE2C300E8958B /* ConvertDate.swift */ = {isa = PBXFileReference; lastKnownFileType = sourcecode.swift; path = ConvertDate.swift; sourceTree = "<group>"; };
		F915DB822B9726BF00CDB16D /* Info.plist */ = {isa = PBXFileReference; lastKnownFileType = text.plist; path = Info.plist; sourceTree = "<group>"; };
/* End PBXFileReference section */

/* Begin PBXFrameworksBuildPhase section */
		780624B12B8B937700E8958B /* Frameworks */ = {
			isa = PBXFrameworksBuildPhase;
			buildActionMask = 2147483647;
			files = (
			);
			runOnlyForDeploymentPostprocessing = 0;
		};
/* End PBXFrameworksBuildPhase section */

/* Begin PBXGroup section */
		780624AB2B8B937700E8958B = {
			isa = PBXGroup;
			children = (
				780624B62B8B937700E8958B /* App363 */,
				780624B52B8B937700E8958B /* Products */,
			);
			sourceTree = "<group>";
		};
		780624B52B8B937700E8958B /* Products */ = {
			isa = PBXGroup;
			children = (
				780624B42B8B937700E8958B /* App363.app */,
			);
			name = Products;
			sourceTree = "<group>";
		};
		780624B62B8B937700E8958B /* App363 */ = {
			isa = PBXGroup;
			children = (
				F915DB822B9726BF00CDB16D /* Info.plist */,
				780624C62B8B93AC00E8958B /* Project */,
				780624B72B8B937700E8958B /* App363App.swift */,
				780624B92B8B937700E8958B /* ContentView.swift */,
				780624BB2B8B937800E8958B /* Assets.xcassets */,
				780624BD2B8B937800E8958B /* App363.entitlements */,
				780624BE2B8B937800E8958B /* Preview Content */,
			);
			path = App363;
			sourceTree = "<group>";
		};
		780624BE2B8B937800E8958B /* Preview Content */ = {
			isa = PBXGroup;
			children = (
				780624BF2B8B937800E8958B /* Preview Assets.xcassets */,
			);
			path = "Preview Content";
			sourceTree = "<group>";
		};
		780624C62B8B93AC00E8958B /* Project */ = {
			isa = PBXGroup;
			children = (
				780624CA2B8B93CC00E8958B /* StartScreens */,
				780624C92B8B93C700E8958B /* TabBar */,
				780624C82B8B93BF00E8958B /* Extensions */,
				780624C72B8B93BA00E8958B /* Views */,
			);
			path = Project;
			sourceTree = "<group>";
		};
		780624C72B8B93BA00E8958B /* Views */ = {
			isa = PBXGroup;
			children = (
				780624ED2B8B95AA00E8958B /* SettingsView */,
				780624EA2B8B959E00E8958B /* NotesView */,
				780624E72B8B958E00E8958B /* FriendsView */,
				780624E42B8B957E00E8958B /* RulesView */,
				780624E32B8B957500E8958B /* GameView */,
			);
			path = Views;
			sourceTree = "<group>";
		};
		780624C82B8B93BF00E8958B /* Extensions */ = {
			isa = PBXGroup;
			children = (
				780624E12B8B946200E8958B /* CoreDataStack.swift */,
				780624F42B8CC56900E8958B /* CoreModel.xcdatamodeld */,
				780625092B8CE2C300E8958B /* ConvertDate.swift */,
			);
			path = Extensions;
			sourceTree = "<group>";
		};
		780624C92B8B93C700E8958B /* TabBar */ = {
			isa = PBXGroup;
			children = (
				780624DF2B8B945700E8958B /* TabBar.swift */,
			);
			path = TabBar;
			sourceTree = "<group>";
		};
		780624CA2B8B93CC00E8958B /* StartScreens */ = {
			isa = PBXGroup;
			children = (
				780624D02B8B93F100E8958B /* LaunchScreen */,
				780624CD2B8B93DD00E8958B /* LoadingView */,
				780624CC2B8B93D800E8958B /* Rev */,
				780624CB2B8B93D300E8958B /* User */,
			);
			path = StartScreens;
			sourceTree = "<group>";
		};
		780624CB2B8B93D300E8958B /* User */ = {
			isa = PBXGroup;
			children = (
				780624D92B8B943A00E8958B /* U1.swift */,
				780624DB2B8B944300E8958B /* Reviews.swift */,
				780624DD2B8B944F00E8958B /* Not.swift */,
			);
			path = User;
			sourceTree = "<group>";
		};
		780624CC2B8B93D800E8958B /* Rev */ = {
			isa = PBXGroup;
			children = (
				780624D32B8B942900E8958B /* R1.swift */,
				780624D52B8B942F00E8958B /* R2.swift */,
				780624D72B8B943400E8958B /* R3.swift */,
			);
			path = Rev;
			sourceTree = "<group>";
		};
		780624CD2B8B93DD00E8958B /* LoadingView */ = {
			isa = PBXGroup;
			children = (
				780624CE2B8B93EC00E8958B /* LoadingView.swift */,
			);
			path = LoadingView;
			sourceTree = "<group>";
		};
		780624D02B8B93F100E8958B /* LaunchScreen */ = {
			isa = PBXGroup;
			children = (
				780624D12B8B941900E8958B /* Launch Screen.storyboard */,
			);
			path = LaunchScreen;
			sourceTree = "<group>";
		};
		780624E32B8B957500E8958B /* GameView */ = {
			isa = PBXGroup;
			children = (
				780624F92B8CC63300E8958B /* AddCards */,
				780624F02B8B95BC00E8958B /* GameView.swift */,
				780624F72B8CC62F00E8958B /* GamesViewModel.swift */,
			);
			path = GameView;
			sourceTree = "<group>";
		};
		780624E42B8B957E00E8958B /* RulesView */ = {
			isa = PBXGroup;
			children = (
				780624E52B8B958900E8958B /* RulesView.swift */,
				780624F22B8CB82100E8958B /* RulesViewModel.swift */,
			);
			path = RulesView;
			sourceTree = "<group>";
		};
		780624E72B8B958E00E8958B /* FriendsView */ = {
			isa = PBXGroup;
			children = (
				780624FE2B8CD38D00E8958B /* AddFriend */,
				780624E82B8B959A00E8958B /* FriendsView.swift */,
				780624FC2B8CCC0000E8958B /* FriendsViewModel.swift */,
			);
			path = FriendsView;
			sourceTree = "<group>";
		};
		780624EA2B8B959E00E8958B /* NotesView */ = {
			isa = PBXGroup;
			children = (
				780625062B8CDF8800E8958B /* NotesDetail */,
				780625032B8CDE6D00E8958B /* AddNotes */,
				780624EB2B8B95A700E8958B /* NotesView.swift */,
				780625012B8CDBFC00E8958B /* NotesViewModel.swift */,
			);
			path = NotesView;
			sourceTree = "<group>";
		};
		780624ED2B8B95AA00E8958B /* SettingsView */ = {
			isa = PBXGroup;
			children = (
				780624EE2B8B95B400E8958B /* SettingsView.swift */,
			);
			path = SettingsView;
			sourceTree = "<group>";
		};
		780624F92B8CC63300E8958B /* AddCards */ = {
			isa = PBXGroup;
			children = (
				780624FA2B8CC64000E8958B /* AddCards.swift */,
			);
			path = AddCards;
			sourceTree = "<group>";
		};
		780624FE2B8CD38D00E8958B /* AddFriend */ = {
			isa = PBXGroup;
			children = (
				780624FF2B8CD39800E8958B /* AddFriend.swift */,
			);
			path = AddFriend;
			sourceTree = "<group>";
		};
		780625032B8CDE6D00E8958B /* AddNotes */ = {
			isa = PBXGroup;
			children = (
				780625042B8CDE7700E8958B /* AddNotes.swift */,
			);
			path = AddNotes;
			sourceTree = "<group>";
		};
		780625062B8CDF8800E8958B /* NotesDetail */ = {
			isa = PBXGroup;
			children = (
				780625072B8CE15200E8958B /* NotesDetail.swift */,
			);
			path = NotesDetail;
			sourceTree = "<group>";
		};
/* End PBXGroup section */

/* Begin PBXNativeTarget section */
		780624B32B8B937700E8958B /* App363 */ = {
			isa = PBXNativeTarget;
			buildConfigurationList = 780624C32B8B937800E8958B /* Build configuration list for PBXNativeTarget "App363" */;
			buildPhases = (
				780624B02B8B937700E8958B /* Sources */,
				780624B12B8B937700E8958B /* Frameworks */,
				780624B22B8B937700E8958B /* Resources */,
			);
			buildRules = (
			);
			dependencies = (
			);
			name = App363;
			productName = App363;
			productReference = 780624B42B8B937700E8958B /* App363.app */;
			productType = "com.apple.product-type.application";
		};
/* End PBXNativeTarget section */

/* Begin PBXProject section */
		780624AC2B8B937700E8958B /* Project object */ = {
			isa = PBXProject;
			attributes = {
				BuildIndependentTargetsInParallel = 1;
				LastSwiftUpdateCheck = 1520;
				LastUpgradeCheck = 1520;
				TargetAttributes = {
					780624B32B8B937700E8958B = {
						CreatedOnToolsVersion = 15.2;
					};
				};
			};
			buildConfigurationList = 780624AF2B8B937700E8958B /* Build configuration list for PBXProject "App363" */;
			compatibilityVersion = "Xcode 14.0";
			developmentRegion = en;
			hasScannedForEncodings = 0;
			knownRegions = (
				en,
				Base,
			);
			mainGroup = 780624AB2B8B937700E8958B;
			productRefGroup = 780624B52B8B937700E8958B /* Products */;
			projectDirPath = "";
			projectRoot = "";
			targets = (
				780624B32B8B937700E8958B /* App363 */,
			);
		};
/* End PBXProject section */

/* Begin PBXResourcesBuildPhase section */
		780624B22B8B937700E8958B /* Resources */ = {
			isa = PBXResourcesBuildPhase;
			buildActionMask = 2147483647;
			files = (
				780624D22B8B941900E8958B /* Launch Screen.storyboard in Resources */,
				780624C02B8B937800E8958B /* Preview Assets.xcassets in Resources */,
				780624BC2B8B937800E8958B /* Assets.xcassets in Resources */,
			);
			runOnlyForDeploymentPostprocessing = 0;
		};
/* End PBXResourcesBuildPhase section */

/* Begin PBXSourcesBuildPhase section */
		780624B02B8B937700E8958B /* Sources */ = {
			isa = PBXSourcesBuildPhase;
			buildActionMask = 2147483647;
			files = (
				780625022B8CDBFC00E8958B /* NotesViewModel.swift in Sources */,
				780624EF2B8B95B400E8958B /* SettingsView.swift in Sources */,
				780624EC2B8B95A700E8958B /* NotesView.swift in Sources */,
				780624BA2B8B937700E8958B /* ContentView.swift in Sources */,
				780624B82B8B937700E8958B /* App363App.swift in Sources */,
				780624F62B8CC56900E8958B /* CoreModel.xcdatamodeld in Sources */,
				780625002B8CD39800E8958B /* AddFriend.swift in Sources */,
				780624DA2B8B943A00E8958B /* U1.swift in Sources */,
				780624D82B8B943400E8958B /* R3.swift in Sources */,
				780624F32B8CB82100E8958B /* RulesViewModel.swift in Sources */,
				780624D42B8B942900E8958B /* R1.swift in Sources */,
				780624DC2B8B944300E8958B /* Reviews.swift in Sources */,
				780624E22B8B946200E8958B /* CoreDataStack.swift in Sources */,
				7806250A2B8CE2C300E8958B /* ConvertDate.swift in Sources */,
				780624FD2B8CCC0000E8958B /* FriendsViewModel.swift in Sources */,
				780624D62B8B942F00E8958B /* R2.swift in Sources */,
				780624E62B8B958900E8958B /* RulesView.swift in Sources */,
				780624F82B8CC62F00E8958B /* GamesViewModel.swift in Sources */,
				780624DE2B8B944F00E8958B /* Not.swift in Sources */,
				780624CF2B8B93EC00E8958B /* LoadingView.swift in Sources */,
				780625082B8CE15200E8958B /* NotesDetail.swift in Sources */,
				780625052B8CDE7700E8958B /* AddNotes.swift in Sources */,
				780624E02B8B945700E8958B /* TabBar.swift in Sources */,
				780624F12B8B95BC00E8958B /* GameView.swift in Sources */,
				780624E92B8B959A00E8958B /* FriendsView.swift in Sources */,
				780624FB2B8CC64000E8958B /* AddCards.swift in Sources */,
			);
			runOnlyForDeploymentPostprocessing = 0;
		};
/* End PBXSourcesBuildPhase section */

/* Begin XCBuildConfiguration section */
		780624C12B8B937800E8958B /* Debug */ = {
			isa = XCBuildConfiguration;
			buildSettings = {
				ALWAYS_SEARCH_USER_PATHS = NO;
				ASSETCATALOG_COMPILER_GENERATE_SWIFT_ASSET_SYMBOL_EXTENSIONS = YES;
				CLANG_ANALYZER_NONNULL = YES;
				CLANG_ANALYZER_NUMBER_OBJECT_CONVERSION = YES_AGGRESSIVE;
				CLANG_CXX_LANGUAGE_STANDARD = "gnu++20";
				CLANG_ENABLE_MODULES = YES;
				CLANG_ENABLE_OBJC_ARC = YES;
				CLANG_ENABLE_OBJC_WEAK = YES;
				CLANG_WARN_BLOCK_CAPTURE_AUTORELEASING = YES;
				CLANG_WARN_BOOL_CONVERSION = YES;
				CLANG_WARN_COMMA = YES;
				CLANG_WARN_CONSTANT_CONVERSION = YES;
				CLANG_WARN_DEPRECATED_OBJC_IMPLEMENTATIONS = YES;
				CLANG_WARN_DIRECT_OBJC_ISA_USAGE = YES_ERROR;
				CLANG_WARN_DOCUMENTATION_COMMENTS = YES;
				CLANG_WARN_EMPTY_BODY = YES;
				CLANG_WARN_ENUM_CONVERSION = YES;
				CLANG_WARN_INFINITE_RECURSION = YES;
				CLANG_WARN_INT_CONVERSION = YES;
				CLANG_WARN_NON_LITERAL_NULL_CONVERSION = YES;
				CLANG_WARN_OBJC_IMPLICIT_RETAIN_SELF = YES;
				CLANG_WARN_OBJC_LITERAL_CONVERSION = YES;
				CLANG_WARN_OBJC_ROOT_CLASS = YES_ERROR;
				CLANG_WARN_QUOTED_INCLUDE_IN_FRAMEWORK_HEADER = YES;
				CLANG_WARN_RANGE_LOOP_ANALYSIS = YES;
				CLANG_WARN_STRICT_PROTOTYPES = YES;
				CLANG_WARN_SUSPICIOUS_MOVE = YES;
				CLANG_WARN_UNGUARDED_AVAILABILITY = YES_AGGRESSIVE;
				CLANG_WARN_UNREACHABLE_CODE = YES;
				CLANG_WARN__DUPLICATE_METHOD_MATCH = YES;
				COPY_PHASE_STRIP = NO;
				DEBUG_INFORMATION_FORMAT = dwarf;
				ENABLE_STRICT_OBJC_MSGSEND = YES;
				ENABLE_TESTABILITY = YES;
				ENABLE_USER_SCRIPT_SANDBOXING = YES;
				GCC_C_LANGUAGE_STANDARD = gnu17;
				GCC_DYNAMIC_NO_PIC = NO;
				GCC_NO_COMMON_BLOCKS = YES;
				GCC_OPTIMIZATION_LEVEL = fast;
				GCC_PREPROCESSOR_DEFINITIONS = (
					"DEBUG=1",
					"$(inherited)",
				);
				GCC_WARN_64_TO_32_BIT_CONVERSION = YES;
				GCC_WARN_ABOUT_RETURN_TYPE = YES_ERROR;
				GCC_WARN_UNDECLARED_SELECTOR = YES;
				GCC_WARN_UNINITIALIZED_AUTOS = YES_AGGRESSIVE;
				GCC_WARN_UNUSED_FUNCTION = YES;
				GCC_WARN_UNUSED_VARIABLE = YES;
				LOCALIZATION_PREFERS_STRING_CATALOGS = YES;
				MTL_ENABLE_DEBUG_INFO = INCLUDE_SOURCE;
				MTL_FAST_MATH = YES;
				ONLY_ACTIVE_ARCH = YES;
				SWIFT_ACTIVE_COMPILATION_CONDITIONS = "DEBUG $(inherited)";
				SWIFT_OPTIMIZATION_LEVEL = "-Onone";
			};
			name = Debug;
		};
		780624C22B8B937800E8958B /* Release */ = {
			isa = XCBuildConfiguration;
			buildSettings = {
				ALWAYS_SEARCH_USER_PATHS = NO;
				ASSETCATALOG_COMPILER_GENERATE_SWIFT_ASSET_SYMBOL_EXTENSIONS = YES;
				CLANG_ANALYZER_NONNULL = YES;
				CLANG_ANALYZER_NUMBER_OBJECT_CONVERSION = YES_AGGRESSIVE;
				CLANG_CXX_LANGUAGE_STANDARD = "gnu++20";
				CLANG_ENABLE_MODULES = YES;
				CLANG_ENABLE_OBJC_ARC = YES;
				CLANG_ENABLE_OBJC_WEAK = YES;
				CLANG_WARN_BLOCK_CAPTURE_AUTORELEASING = YES;
				CLANG_WARN_BOOL_CONVERSION = YES;
				CLANG_WARN_COMMA = YES;
				CLANG_WARN_CONSTANT_CONVERSION = YES;
				CLANG_WARN_DEPRECATED_OBJC_IMPLEMENTATIONS = YES;
				CLANG_WARN_DIRECT_OBJC_ISA_USAGE = YES_ERROR;
				CLANG_WARN_DOCUMENTATION_COMMENTS = YES;
				CLANG_WARN_EMPTY_BODY = YES;
				CLANG_WARN_ENUM_CONVERSION = YES;
				CLANG_WARN_INFINITE_RECURSION = YES;
				CLANG_WARN_INT_CONVERSION = YES;
				CLANG_WARN_NON_LITERAL_NULL_CONVERSION = YES;
				CLANG_WARN_OBJC_IMPLICIT_RETAIN_SELF = YES;
				CLANG_WARN_OBJC_LITERAL_CONVERSION = YES;
				CLANG_WARN_OBJC_ROOT_CLASS = YES_ERROR;
				CLANG_WARN_QUOTED_INCLUDE_IN_FRAMEWORK_HEADER = YES;
				CLANG_WARN_RANGE_LOOP_ANALYSIS = YES;
				CLANG_WARN_STRICT_PROTOTYPES = YES;
				CLANG_WARN_SUSPICIOUS_MOVE = YES;
				CLANG_WARN_UNGUARDED_AVAILABILITY = YES_AGGRESSIVE;
				CLANG_WARN_UNREACHABLE_CODE = YES;
				CLANG_WARN__DUPLICATE_METHOD_MATCH = YES;
				COPY_PHASE_STRIP = NO;
				DEBUG_INFORMATION_FORMAT = "dwarf-with-dsym";
				ENABLE_NS_ASSERTIONS = NO;
				ENABLE_STRICT_OBJC_MSGSEND = YES;
				ENABLE_USER_SCRIPT_SANDBOXING = YES;
				GCC_C_LANGUAGE_STANDARD = gnu17;
				GCC_NO_COMMON_BLOCKS = YES;
				GCC_OPTIMIZATION_LEVEL = fast;
				GCC_WARN_64_TO_32_BIT_CONVERSION = YES;
				GCC_WARN_ABOUT_RETURN_TYPE = YES_ERROR;
				GCC_WARN_UNDECLARED_SELECTOR = YES;
				GCC_WARN_UNINITIALIZED_AUTOS = YES_AGGRESSIVE;
				GCC_WARN_UNUSED_FUNCTION = YES;
				GCC_WARN_UNUSED_VARIABLE = YES;
				LOCALIZATION_PREFERS_STRING_CATALOGS = YES;
				MTL_ENABLE_DEBUG_INFO = NO;
				MTL_FAST_MATH = YES;
				SWIFT_COMPILATION_MODE = wholemodule;
			};
			name = Release;
		};
		780624C42B8B937800E8958B /* Debug */ = {
			isa = XCBuildConfiguration;
			buildSettings = {
				ASSETCATALOG_COMPILER_APPICON_NAME = AppIcon;
				ASSETCATALOG_COMPILER_GLOBAL_ACCENT_COLOR_NAME = AccentColor;
				CODE_SIGN_ENTITLEMENTS = App363/App363.entitlements;
				CODE_SIGN_STYLE = Automatic;
				CURRENT_PROJECT_VERSION = 1;
				DEVELOPMENT_ASSET_PATHS = "\"App363/Preview Content\"";
				ENABLE_PREVIEWS = YES;
				GENERATE_INFOPLIST_FILE = YES;
				INFOPLIST_FILE = App363/Info.plist;
				INFOPLIST_KEY_CFBundleDisplayName = "Friendly card behavior";
				"INFOPLIST_KEY_UIApplicationSceneManifest_Generation[sdk=iphoneos*]" = YES;
				"INFOPLIST_KEY_UIApplicationSceneManifest_Generation[sdk=iphonesimulator*]" = YES;
				"INFOPLIST_KEY_UIApplicationSupportsIndirectInputEvents[sdk=iphoneos*]" = YES;
				"INFOPLIST_KEY_UIApplicationSupportsIndirectInputEvents[sdk=iphonesimulator*]" = YES;
				"INFOPLIST_KEY_UILaunchScreen_Generation[sdk=iphoneos*]" = YES;
				"INFOPLIST_KEY_UILaunchScreen_Generation[sdk=iphonesimulator*]" = YES;
				INFOPLIST_KEY_UILaunchStoryboardName = "Launch Screen.storyboard";
				"INFOPLIST_KEY_UIStatusBarStyle[sdk=iphoneos*]" = UIStatusBarStyleDefault;
				"INFOPLIST_KEY_UIStatusBarStyle[sdk=iphonesimulator*]" = UIStatusBarStyleDefault;
				INFOPLIST_KEY_UISupportedInterfaceOrientations = UIInterfaceOrientationPortrait;
				INFOPLIST_KEY_UISupportedInterfaceOrientations_iPad = "UIInterfaceOrientationLandscapeLeft UIInterfaceOrientationLandscapeRight UIInterfaceOrientationPortrait UIInterfaceOrientationPortraitUpsideDown";
				IPHONEOS_DEPLOYMENT_TARGET = 14.0;
				LD_RUNPATH_SEARCH_PATHS = "@executable_path/Frameworks";
				"LD_RUNPATH_SEARCH_PATHS[sdk=macosx*]" = "@executable_path/../Frameworks";
				MACOSX_DEPLOYMENT_TARGET = 14.1;
				MARKETING_VERSION = 1.0;
				PRODUCT_BUNDLE_IDENTIFIER = IOI.App363;
				PRODUCT_NAME = "$(TARGET_NAME)";
				SDKROOT = auto;
				SUPPORTED_PLATFORMS = "iphoneos iphonesimulator";
				SUPPORTS_MACCATALYST = NO;
				SWIFT_EMIT_LOC_STRINGS = YES;
				SWIFT_VERSION = 5.0;
				TARGETED_DEVICE_FAMILY = 1;
			};
			name = Debug;
		};
		780624C52B8B937800E8958B /* Release */ = {
			isa = XCBuildConfiguration;
			buildSettings = {
				ASSETCATALOG_COMPILER_APPICON_NAME = AppIcon;
				ASSETCATALOG_COMPILER_GLOBAL_ACCENT_COLOR_NAME = AccentColor;
				CODE_SIGN_ENTITLEMENTS = App363/App363.entitlements;
				CODE_SIGN_STYLE = Automatic;
				CURRENT_PROJECT_VERSION = 1;
				DEVELOPMENT_ASSET_PATHS = "\"App363/Preview Content\"";
				ENABLE_PREVIEWS = YES;
				GENERATE_INFOPLIST_FILE = YES;
				INFOPLIST_FILE = App363/Info.plist;
				INFOPLIST_KEY_CFBundleDisplayName = "Friendly card behavior";
				"INFOPLIST_KEY_UIApplicationSceneManifest_Generation[sdk=iphoneos*]" = YES;
				"INFOPLIST_KEY_UIApplicationSceneManifest_Generation[sdk=iphonesimulator*]" = YES;
				"INFOPLIST_KEY_UIApplicationSupportsIndirectInputEvents[sdk=iphoneos*]" = YES;
				"INFOPLIST_KEY_UIApplicationSupportsIndirectInputEvents[sdk=iphonesimulator*]" = YES;
				"INFOPLIST_KEY_UILaunchScreen_Generation[sdk=iphoneos*]" = YES;
				"INFOPLIST_KEY_UILaunchScreen_Generation[sdk=iphonesimulator*]" = YES;
				INFOPLIST_KEY_UILaunchStoryboardName = "Launch Screen.storyboard";
				"INFOPLIST_KEY_UIStatusBarStyle[sdk=iphoneos*]" = UIStatusBarStyleDefault;
				"INFOPLIST_KEY_UIStatusBarStyle[sdk=iphonesimulator*]" = UIStatusBarStyleDefault;
				INFOPLIST_KEY_UISupportedInterfaceOrientations = UIInterfaceOrientationPortrait;
				INFOPLIST_KEY_UISupportedInterfaceOrientations_iPad = "UIInterfaceOrientationLandscapeLeft UIInterfaceOrientationLandscapeRight UIInterfaceOrientationPortrait UIInterfaceOrientationPortraitUpsideDown";
				IPHONEOS_DEPLOYMENT_TARGET = 14.0;
				LD_RUNPATH_SEARCH_PATHS = "@executable_path/Frameworks";
				"LD_RUNPATH_SEARCH_PATHS[sdk=macosx*]" = "@executable_path/../Frameworks";
				MACOSX_DEPLOYMENT_TARGET = 14.1;
				MARKETING_VERSION = 1.0;
				PRODUCT_BUNDLE_IDENTIFIER = IOI.App363;
				PRODUCT_NAME = "$(TARGET_NAME)";
				SDKROOT = auto;
				SUPPORTED_PLATFORMS = "iphoneos iphonesimulator";
				SUPPORTS_MACCATALYST = NO;
				SWIFT_EMIT_LOC_STRINGS = YES;
				SWIFT_VERSION = 5.0;
				TARGETED_DEVICE_FAMILY = 1;
			};
			name = Release;
		};
/* End XCBuildConfiguration section */

/* Begin XCConfigurationList section */
		780624AF2B8B937700E8958B /* Build configuration list for PBXProject "App363" */ = {
			isa = XCConfigurationList;
			buildConfigurations = (
				780624C12B8B937800E8958B /* Debug */,
				780624C22B8B937800E8958B /* Release */,
			);
			defaultConfigurationIsVisible = 0;
			defaultConfigurationName = Release;
		};
		780624C32B8B937800E8958B /* Build configuration list for PBXNativeTarget "App363" */ = {
			isa = XCConfigurationList;
			buildConfigurations = (
				780624C42B8B937800E8958B /* Debug */,
				780624C52B8B937800E8958B /* Release */,
			);
			defaultConfigurationIsVisible = 0;
			defaultConfigurationName = Release;
		};
/* End XCConfigurationList section */

/* Begin XCVersionGroup section */
		780624F42B8CC56900E8958B /* CoreModel.xcdatamodeld */ = {
			isa = XCVersionGroup;
			children = (
				780624F52B8CC56900E8958B /* CoreModel.xcdatamodel */,
			);
			currentVersion = 780624F52B8CC56900E8958B /* CoreModel.xcdatamodel */;
			path = CoreModel.xcdatamodeld;
			sourceTree = "<group>";
			versionGroupType = wrapper.xcdatamodel;
		};
/* End XCVersionGroup section */
	};
	rootObject = 780624AC2B8B937700E8958B /* Project object */;
}
